
Microsoft Visual Studio Solution File, Format Version 12.00
# Visual Studio Version 16
VisualStudioVersion = 16.0.31005.135
MinimumVisualStudioVersion = 10.0.40219.1
Project("{FAE04EC0-301F-11D3-BF4B-00C04F79EFBC}") = "Tabuada", "Tabuada\Tabuada.csproj", "{5C6E4FAB-5253-4F04-9F36-1CCC360689B1}"
EndProject
Global
	GlobalSection(SolutionConfigurationPlatforms) = preSolution
		Debug|Any CPU = Debug|Any CPU
		Release|Any CPU = Release|Any CPU
	EndGlobalSection
	GlobalSection(ProjectConfigurationPlatforms) = postSolution
		{5C6E4FAB-5253-4F04-9F36-1CCC360689B1}.Debug|Any CPU.ActiveCfg = Debug|Any CPU
		{5C6E4FAB-5253-4F04-9F36-1CCC360689B1}.Debug|Any CPU.Build.0 = Debug|Any CPU
		{5C6E4FAB-5253-4F04-9F36-1CCC360689B1}.Release|Any CPU.ActiveCfg = Release|Any CPU
		{5C6E4FAB-5253-4F04-9F36-1CCC360689B1}.Release|Any CPU.Build.0 = Release|Any CPU
	EndGlobalSection
	GlobalSection(SolutionProperties) = preSolution
		HideSolutionNode = FALSE
	EndGlobalSection
	GlobalSection(ExtensibilityGlobals) = postSolution
		SolutionGuid = {1DFE3048-6318-4200-BCD3-406B1A5CD642}
	EndGlobalSection
EndGlobal
